Microsoft Visual Studio Solution File, Format Version 11.00
# Visual Studio 2008

Project("{9CCE7DCA-2845-1AD5-5AAF-D28CBE39A322}") = "kittenvr", "Assembly-CSharp-firstpass.csproj", "{EF781070-F191-E3DF-362D-E92F01123481}"
EndProject
Project("{9CCE7DCA-2845-1AD5-5AAF-D28CBE39A322}") = "kittenvr", "Assembly-CSharp.csproj", "{321C2A22-3D23-6150-2418-13254C5BDFBD}"
EndProject
Project("{9CCE7DCA-2845-1AD5-5AAF-D28CBE39A322}") = "kittenvr", "Assembly-CSharp-Editor.csproj", "{8930BBE5-A34F-E92E-E6D1-F10467BB2602}"
EndProject
Global
	GlobalSection(SolutionConfigurationPlatforms) = preSolution
		Debug|Any CPU = Debug|Any CPU
		Release|Any CPU = Release|Any CPU
	EndGlobalSection
	GlobalSection(ProjectConfigurationPlatforms) = postSolution
		{EF781070-F191-E3DF-362D-E92F01123481}.Debug|Any CPU.ActiveCfg = Debug|Any CPU
		{EF781070-F191-E3DF-362D-E92F01123481}.Debug|Any CPU.Build.0 = Debug|Any CPU
		{EF781070-F191-E3DF-362D-E92F01123481}.Release|Any CPU.ActiveCfg = Release|Any CPU
		{EF781070-F191-E3DF-362D-E92F01123481}.Release|Any CPU.Build.0 = Release|Any CPU
		{321C2A22-3D23-6150-2418-13254C5BDFBD}.Debug|Any CPU.ActiveCfg = Debug|Any CPU
		{321C2A22-3D23-6150-2418-13254C5BDFBD}.Debug|Any CPU.Build.0 = Debug|Any CPU
		{321C2A22-3D23-6150-2418-13254C5BDFBD}.Release|Any CPU.ActiveCfg = Release|Any CPU
		{321C2A22-3D23-6150-2418-13254C5BDFBD}.Release|Any CPU.Build.0 = Release|Any CPU
		{8930BBE5-A34F-E92E-E6D1-F10467BB2602}.Debug|Any CPU.ActiveCfg = Debug|Any CPU
		{8930BBE5-A34F-E92E-E6D1-F10467BB2602}.Debug|Any CPU.Build.0 = Debug|Any CPU
		{8930BBE5-A34F-E92E-E6D1-F10467BB2602}.Release|Any CPU.ActiveCfg = Release|Any CPU
		{8930BBE5-A34F-E92E-E6D1-F10467BB2602}.Release|Any CPU.Build.0 = Release|Any CPU
	EndGlobalSection
	GlobalSection(SolutionProperties) = preSolution
		HideSolutionNode = FALSE
	EndGlobalSection
											GlobalSection(MonoDevelopProperties) = preSolution
		StartupItem = Assembly-CSharp.csproj
		Policies = $0
		$0.TextStylePolicy = $1
		$1.inheritsSet = null
		$1.scope = text/x-csharp
		$0.CSharpFormattingPolicy = $2
		$2.inheritsSet = Mono
		$2.inheritsScope = text/x-csharp
		$2.scope = text/x-csharp
		$0.TextStylePolicy = $3
		$3.FileWidth = 120
		$3.TabWidth = 4
		$3.IndentWidth = 4
		$3.EolMarker = Unix
		$3.inheritsSet = Mono
		$3.inheritsScope = text/plain
		$3.scope = text/plain
	EndGlobalSection

EndGlobal
